
Microsoft Visual Studio Solution File, Format Version 12.00
# Visual Studio 14
VisualStudioVersion = 14.0.25420.1
MinimumVisualStudioVersion = 10.0.40219.1
Project("{8BC9CEB8-8B4A-11D0-8D11-00A0C91BC942}") = "GHCR with A3C Environments", "GHCR with A3C Environments\GHCR with A3C Environments.vcxproj", "{82B82386-9009-42B7-A7C0-5EA73F0A5671}"
EndProject
Global
	GlobalSection(SolutionConfigurationPlatforms) = preSolution
		Debug|x64 = Debug|x64
		Debug|x86 = Debug|x86
		Release|x64 = Release|x64
		Release|x86 = Release|x86
	EndGlobalSection
	GlobalSection(ProjectConfigurationPlatforms) = postSolution
		{82B82386-9009-42B7-A7C0-5EA73F0A5671}.Debug|x64.ActiveCfg = Debug|x64
		{82B82386-9009-42B7-A7C0-5EA73F0A5671}.Debug|x64.Build.0 = Debug|x64
		{82B82386-9009-42B7-A7C0-5EA73F0A5671}.Debug|x86.ActiveCfg = Debug|Win32
		{82B82386-9009-42B7-A7C0-5EA73F0A5671}.Debug|x86.Build.0 = Debug|Win32
		{82B82386-9009-42B7-A7C0-5EA73F0A5671}.Release|x64.ActiveCfg = Release|x64
		{82B82386-9009-42B7-A7C0-5EA73F0A5671}.Release|x64.Build.0 = Release|x64
		{82B82386-9009-42B7-A7C0-5EA73F0A5671}.Release|x86.ActiveCfg = Release|Win32
		{82B82386-9009-42B7-A7C0-5EA73F0A5671}.Release|x86.Build.0 = Release|Win32
	EndGlobalSection
	GlobalSection(SolutionProperties) = preSolution
		HideSolutionNode = FALSE
	EndGlobalSection
EndGlobal
